
Microsoft Visual Studio Solution File, Format Version 12.00
# Visual Studio Version 16
VisualStudioVersion = 16.0.32126.315
MinimumVisualStudioVersion = 10.0.40219.1
Project("{FAE04EC0-301F-11D3-BF4B-00C04F79EFBC}") = "PaintProgram", "PaintProgram.csproj", "{65E81E45-82FC-4C3B-9A8E-E171DB04A53A}"
EndProject
Global
	GlobalSection(SolutionConfigurationPlatforms) = preSolution
		Debug|Any CPU = Debug|Any CPU
		Release|Any CPU = Release|Any CPU
	EndGlobalSection
	GlobalSection(ProjectConfigurationPlatforms) = postSolution
		{65E81E45-82FC-4C3B-9A8E-E171DB04A53A}.Debug|Any CPU.ActiveCfg = Debug|Any CPU
		{65E81E45-82FC-4C3B-9A8E-E171DB04A53A}.Debug|Any CPU.Build.0 = Debug|Any CPU
		{65E81E45-82FC-4C3B-9A8E-E171DB04A53A}.Release|Any CPU.ActiveCfg = Release|Any CPU
		{65E81E45-82FC-4C3B-9A8E-E171DB04A53A}.Release|Any CPU.Build.0 = Release|Any CPU
	EndGlobalSection
	GlobalSection(SolutionProperties) = preSolution
		HideSolutionNode = FALSE
	EndGlobalSection
	GlobalSection(ExtensibilityGlobals) = postSolution
		SolutionGuid = {E9ECC107-0651-4E71-8DB1-CC6BB762D8A9}
	EndGlobalSection
EndGlobal
